// !$*UTF8*$!
{
	archiveVersion = 1;
	classes = {
	};
	objectVersion = 55;
	objects = {

/* Begin PBXBuildFile section */
		3409569BE6EC9DAB39372756 /* Pods_MappinTests.framework in Frameworks */ = {isa = PBXBuildFile; fileRef = 9C3D2C17A29D6BA849D1972D /* Pods_MappinTests.framework */; };
		BD88EEB02F5B62ACD06C55AD /* Pods_Mappin_MappinUITests.framework in Frameworks */ = {isa = PBXBuildFile; fileRef = D5A79D76CC78A409BC6B2DC2 /* Pods_Mappin_MappinUITests.framework */; };
		C25D072E27527C6400175D6C /* LoadingIndicator.swift in Sources */ = {isa = PBXBuildFile; fileRef = C25D072D27527C6400175D6C /* LoadingIndicator.swift */; };
		C25FF50727574FA900A83A40 /* IBMPlexSansKR-Regular.otf in Resources */ = {isa = PBXBuildFile; fileRef = C25FF50627574FA900A83A40 /* IBMPlexSansKR-Regular.otf */; };
		C25FF509275750FB00A83A40 /* IBMPlexSansKR-Bold.otf in Resources */ = {isa = PBXBuildFile; fileRef = C25FF508275750FB00A83A40 /* IBMPlexSansKR-Bold.otf */; };
		C25FF50B2757520300A83A40 /* IBMPlexSansKR-SemiBold.otf in Resources */ = {isa = PBXBuildFile; fileRef = C25FF50A2757520300A83A40 /* IBMPlexSansKR-SemiBold.otf */; };
		C25FF50D2757548D00A83A40 /* AppInfoViewController.swift in Sources */ = {isa = PBXBuildFile; fileRef = C25FF50C2757548D00A83A40 /* AppInfoViewController.swift */; };
		C25FF50F275754A900A83A40 /* AppInfo.storyboard in Resources */ = {isa = PBXBuildFile; fileRef = C25FF50E275754A900A83A40 /* AppInfo.storyboard */; };
		C25FF5122757579F00A83A40 /* DefaultTableViewCell.swift in Sources */ = {isa = PBXBuildFile; fileRef = C25FF5102757579F00A83A40 /* DefaultTableViewCell.swift */; };
		C25FF5132757579F00A83A40 /* DefaultTableViewCell.xib in Resources */ = {isa = PBXBuildFile; fileRef = C25FF5112757579F00A83A40 /* DefaultTableViewCell.xib */; };
		C25FFA04274F4E8100B0C41B /* MarkerInfoViewController.swift in Sources */ = {isa = PBXBuildFile; fileRef = C25FFA03274F4E8100B0C41B /* MarkerInfoViewController.swift */; };
		C25FFA06274F4E9200B0C41B /* MarkerInfo.storyboard in Resources */ = {isa = PBXBuildFile; fileRef = C25FFA05274F4E9200B0C41B /* MarkerInfo.storyboard */; };
		C25FFA09274F5BD000B0C41B /* MarkerInfoTableViewCell.swift in Sources */ = {isa = PBXBuildFile; fileRef = C25FFA07274F5BD000B0C41B /* MarkerInfoTableViewCell.swift */; };
		C25FFA0A274F5BD000B0C41B /* MarkerInfoTableViewCell.xib in Resources */ = {isa = PBXBuildFile; fileRef = C25FFA08274F5BD000B0C41B /* MarkerInfoTableViewCell.xib */; };
		C26A23E427453BF5005F42E2 /* APIS.swift in Sources */ = {isa = PBXBuildFile; fileRef = C26A23E327453BF5005F42E2 /* APIS.swift */; };
		C26A23E827462169005F42E2 /* Localizable.strings in Resources */ = {isa = PBXBuildFile; fileRef = C26A23EA27462169005F42E2 /* Localizable.strings */; };
		C26A23F027462304005F42E2 /* LocationManager.swift in Sources */ = {isa = PBXBuildFile; fileRef = C26A23EF27462304005F42E2 /* LocationManager.swift */; };
		C26A23F227465067005F42E2 /* AddTravelViewController.swift in Sources */ = {isa = PBXBuildFile; fileRef = C26A23F127465067005F42E2 /* AddTravelViewController.swift */; };
		C26A23F427465074005F42E2 /* AddTravel.storyboard in Resources */ = {isa = PBXBuildFile; fileRef = C26A23F327465074005F42E2 /* AddTravel.storyboard */; };
		C26A23F62746549F005F42E2 /* AddPinViewController.swift in Sources */ = {isa = PBXBuildFile; fileRef = C26A23F52746549F005F42E2 /* AddPinViewController.swift */; };
		C26A23F8274654B5005F42E2 /* AddPin.storyboard in Resources */ = {isa = PBXBuildFile; fileRef = C26A23F7274654B5005F42E2 /* AddPin.storyboard */; };
		C26A23FB27467450005F42E2 /* Extension+UIViewController.swift in Sources */ = {isa = PBXBuildFile; fileRef = C26A23FA27467450005F42E2 /* Extension+UIViewController.swift */; };
		C26A23FE2746909A005F42E2 /* PhotoCollectionViewCell.swift in Sources */ = {isa = PBXBuildFile; fileRef = C26A23FC2746909A005F42E2 /* PhotoCollectionViewCell.swift */; };
		C26A23FF2746909A005F42E2 /* PhotoCollectionViewCell.xib in Resources */ = {isa = PBXBuildFile; fileRef = C26A23FD2746909A005F42E2 /* PhotoCollectionViewCell.xib */; };
		C26D2E522756787B0035D339 /* SideMenuViewController.swift in Sources */ = {isa = PBXBuildFile; fileRef = C26D2E512756787B0035D339 /* SideMenuViewController.swift */; };
		C26D2E5627567D270035D339 /* SideMenu.storyboard in Resources */ = {isa = PBXBuildFile; fileRef = C26D2E5527567D270035D339 /* SideMenu.storyboard */; };
		C26D2E5927567D5D0035D339 /* SideMenuTableViewCell.swift in Sources */ = {isa = PBXBuildFile; fileRef = C26D2E5727567D5D0035D339 /* SideMenuTableViewCell.swift */; };
		C26D2E5A27567D5D0035D339 /* SideMenuTableViewCell.xib in Resources */ = {isa = PBXBuildFile; fileRef = C26D2E5827567D5D0035D339 /* SideMenuTableViewCell.xib */; };
		C26D2E5C275680C30035D339 /* LicenseViewController.swift in Sources */ = {isa = PBXBuildFile; fileRef = C26D2E5B275680C30035D339 /* LicenseViewController.swift */; };
		C26D2E5E275680D30035D339 /* License.storyboard in Resources */ = {isa = PBXBuildFile; fileRef = C26D2E5D275680D30035D339 /* License.storyboard */; };
		C26D2E61275683AB0035D339 /* Library.swift in Sources */ = {isa = PBXBuildFile; fileRef = C26D2E60275683AB0035D339 /* Library.swift */; };
		C26D2E6327568DC70035D339 /* WebViewController.swift in Sources */ = {isa = PBXBuildFile; fileRef = C26D2E6227568DC70035D339 /* WebViewController.swift */; };
		C26D2E6527568DD30035D339 /* Web.storyboard in Resources */ = {isa = PBXBuildFile; fileRef = C26D2E6427568DD30035D339 /* Web.storyboard */; };
		C2715C68274BADA2001D5286 /* InitialTableViewHeader.swift in Sources */ = {isa = PBXBuildFile; fileRef = C2715C67274BADA2001D5286 /* InitialTableViewHeader.swift */; };
		C2715C6A274BDE6F001D5286 /* Extension+UIColor.swift in Sources */ = {isa = PBXBuildFile; fileRef = C2715C69274BDE6F001D5286 /* Extension+UIColor.swift */; };
		C2715C6C274BECB6001D5286 /* TravelListViewController.swift in Sources */ = {isa = PBXBuildFile; fileRef = C2715C6B274BECB6001D5286 /* TravelListViewController.swift */; };
		C2715C6E274BECC5001D5286 /* TravelList.storyboard in Resources */ = {isa = PBXBuildFile; fileRef = C2715C6D274BECC5001D5286 /* TravelList.storyboard */; };
		C2715C71274CE3F3001D5286 /* TravelListTableViewCell.swift in Sources */ = {isa = PBXBuildFile; fileRef = C2715C6F274CE3F3001D5286 /* TravelListTableViewCell.swift */; };
		C2715C72274CE3F3001D5286 /* TravelListTableViewCell.xib in Resources */ = {isa = PBXBuildFile; fileRef = C2715C70274CE3F3001D5286 /* TravelListTableViewCell.xib */; };
		C2715C74274CE9CD001D5286 /* ImageManager.swift in Sources */ = {isa = PBXBuildFile; fileRef = C2715C73274CE9CD001D5286 /* ImageManager.swift */; };
		C2715C76274CEED9001D5286 /* TravelDetailViewController.swift in Sources */ = {isa = PBXBuildFile; fileRef = C2715C75274CEED9001D5286 /* TravelDetailViewController.swift */; };
		C2715C78274CEEE9001D5286 /* Detail.storyboard in Resources */ = {isa = PBXBuildFile; fileRef = C2715C77274CEEE9001D5286 /* Detail.storyboard */; };
		C2715C7B274CFD32001D5286 /* TravelDetailCollectionViewCell.swift in Sources */ = {isa = PBXBuildFile; fileRef = C2715C79274CFD32001D5286 /* TravelDetailCollectionViewCell.swift */; };
		C2715C7C274CFD32001D5286 /* TravelDetailCollectionViewCell.xib in Resources */ = {isa = PBXBuildFile; fileRef = C2715C7A274CFD32001D5286 /* TravelDetailCollectionViewCell.xib */; };
		C271689D2760FBB30072B167 /* LocationInfoTableViewCell.swift in Sources */ = {isa = PBXBuildFile; fileRef = C271689B2760FBB30072B167 /* LocationInfoTableViewCell.swift */; };
		C271689E2760FBB30072B167 /* LocationInfoTableViewCell.xib in Resources */ = {isa = PBXBuildFile; fileRef = C271689C2760FBB30072B167 /* LocationInfoTableViewCell.xib */; };
		C27168A02761013D0072B167 /* SearchResults.swift in Sources */ = {isa = PBXBuildFile; fileRef = C271689F2761013D0072B167 /* SearchResults.swift */; };
		C27A902927488F2700CDF3C9 /* CustomGesture.swift in Sources */ = {isa = PBXBuildFile; fileRef = C27A902827488F2700CDF3C9 /* CustomGesture.swift */; };
		C27A902F274A6F6B00CDF3C9 /* CustomTextField.swift in Sources */ = {isa = PBXBuildFile; fileRef = C27A902E274A6F6B00CDF3C9 /* CustomTextField.swift */; };
		C27A9031274A813A00CDF3C9 /* SelectLocationViewController.swift in Sources */ = {isa = PBXBuildFile; fileRef = C27A9030274A813A00CDF3C9 /* SelectLocationViewController.swift */; };
		C27FE55027451BCF00F91946 /* RealmModel.swift in Sources */ = {isa = PBXBuildFile; fileRef = C27FE54F27451BCF00F91946 /* RealmModel.swift */; };
		C27FE552274520C600F91946 /* InitialViewController.swift in Sources */ = {isa = PBXBuildFile; fileRef = C27FE551274520C600F91946 /* InitialViewController.swift */; };
		C27FE5562745218100F91946 /* InitialTableViewCell.swift in Sources */ = {isa = PBXBuildFile; fileRef = C27FE5542745218100F91946 /* InitialTableViewCell.swift */; };
		C27FE5572745218100F91946 /* InitialTableViewCell.xib in Resources */ = {isa = PBXBuildFile; fileRef = C27FE5552745218100F91946 /* InitialTableViewCell.xib */; };
		C27FE559274523D500F91946 /* MapViewController.swift in Sources */ = {isa = PBXBuildFile; fileRef = C27FE558274523D500F91946 /* MapViewController.swift */; };
		C27FE55B274523EE00F91946 /* Map.storyboard in Resources */ = {isa = PBXBuildFile; fileRef = C27FE55A274523EE00F91946 /* Map.storyboard */; };
		C288CDD9276B704500F519CE /* GoogleService-Info.plist in Resources */ = {isa = PBXBuildFile; fileRef = C288CDD8276B704500F519CE /* GoogleService-Info.plist */; };
		C2A2C6A727537F38003E8DC2 /* Extension+UIFont.swift in Sources */ = {isa = PBXBuildFile; fileRef = C2A2C6A627537F38003E8DC2 /* Extension+UIFont.swift */; };
		C2A2C6C127553073003E8DC2 /* Extension+String.swift in Sources */ = {isa = PBXBuildFile; fileRef = C2A2C6C027553073003E8DC2 /* Extension+String.swift */; };
		C2A2C6C427562832003E8DC2 /* InfoPlist.strings in Resources */ = {isa = PBXBuildFile; fileRef = C2A2C6C627562832003E8DC2 /* InfoPlist.strings */; };
		C2A80B21274A8D54002E29C9 /* SelectLocation.storyboard in Resources */ = {isa = PBXBuildFile; fileRef = C2A80B20274A8D54002E29C9 /* SelectLocation.storyboard */; };
		C2CC523B27427AAB00090891 /* AppDelegate.swift in Sources */ = {isa = PBXBuildFile; fileRef = C2CC523A27427AAB00090891 /* AppDelegate.swift */; };
		C2CC523D27427AAB00090891 /* SceneDelegate.swift in Sources */ = {isa = PBXBuildFile; fileRef = C2CC523C27427AAB00090891 /* SceneDelegate.swift */; };
		C2CC524227427AAB00090891 /* Main.storyboard in Resources */ = {isa = PBXBuildFile; fileRef = C2CC524027427AAB00090891 /* Main.storyboard */; };
		C2CC524427427AAD00090891 /* Assets.xcassets in Resources */ = {isa = PBXBuildFile; fileRef = C2CC524327427AAD00090891 /* Assets.xcassets */; };
		C2CC524727427AAD00090891 /* LaunchScreen.storyboard in Resources */ = {isa = PBXBuildFile; fileRef = C2CC524527427AAD00090891 /* LaunchScreen.storyboard */; };
		C2CC525227427AAD00090891 /* MappinTests.swift in Sources */ = {isa = PBXBuildFile; fileRef = C2CC525127427AAD00090891 /* MappinTests.swift */; };
		C2CC525C27427AAD00090891 /* MappinUITests.swift in Sources */ = {isa = PBXBuildFile; fileRef = C2CC525B27427AAD00090891 /* MappinUITests.swift */; };
		C2CC525E27427AAD00090891 /* MappinUITestsLaunchTests.swift in Sources */ = {isa = PBXBuildFile; fileRef = C2CC525D27427AAD00090891 /* MappinUITestsLaunchTests.swift */; };
		D999EF4552AE12D4BCB24C5E /* Pods_Mappin.framework in Frameworks */ = {isa = PBXBuildFile; fileRef = 67955C04DDB2878B1D57D54D /* Pods_Mappin.framework */; };
/* End PBXBuildFile section */

/* Begin PBXContainerItemProxy section */
		C2CC524E27427AAD00090891 /* PBXContainerItemProxy */ = {
			isa = PBXContainerItemProxy;
			containerPortal = C2CC522F27427AAB00090891 /* Project object */;
			proxyType = 1;
			remoteGlobalIDString = C2CC523627427AAB00090891;
			remoteInfo = Mappin;
		};
		C2CC525827427AAD00090891 /* PBXContainerItemProxy */ = {
			isa = PBXContainerItemProxy;
			containerPortal = C2CC522F27427AAB00090891 /* Project object */;
			proxyType = 1;
			remoteGlobalIDString = C2CC523627427AAB00090891;
			remoteInfo = Mappin;
		};
/* End PBXContainerItemProxy section */

/* Begin PBXFileReference section */
		0A782E1D1F22B870BE38A6F4 /* Pods-MappinTests.debug.xcconfig */ = {isa = PBXFileReference; includeInIndex = 1; lastKnownFileType = text.xcconfig; name = "Pods-MappinTests.debug.xcconfig"; path = "Target Support Files/Pods-MappinTests/Pods-MappinTests.debug.xcconfig"; sourceTree = "<group>"; };
		4CE5E5DE6139844554A8C831 /* Pods-Mappin-MappinUITests.release.xcconfig */ = {isa = PBXFileReference; includeInIndex = 1; lastKnownFileType = text.xcconfig; name = "Pods-Mappin-MappinUITests.release.xcconfig"; path = "Target Support Files/Pods-Mappin-MappinUITests/Pods-Mappin-MappinUITests.release.xcconfig"; sourceTree = "<group>"; };
		67955C04DDB2878B1D57D54D /* Pods_Mappin.framework */ = {isa = PBXFileReference; explicitFileType = wrapper.framework; includeInIndex = 0; path = Pods_Mappin.framework; sourceTree = BUILT_PRODUCTS_DIR; };
		6BDA8EBD40BB89F97753D75A /* Pods-MappinTests.release.xcconfig */ = {isa = PBXFileReference; includeInIndex = 1; lastKnownFileType = text.xcconfig; name = "Pods-MappinTests.release.xcconfig"; path = "Target Support Files/Pods-MappinTests/Pods-MappinTests.release.xcconfig"; sourceTree = "<group>"; };
		95B82A3A54DF9CD55A1D4029 /* Pods-Mappin.debug.xcconfig */ = {isa = PBXFileReference; includeInIndex = 1; lastKnownFileType = text.xcconfig; name = "Pods-Mappin.debug.xcconfig"; path = "Target Support Files/Pods-Mappin/Pods-Mappin.debug.xcconfig"; sourceTree = "<group>"; };
		9C3D2C17A29D6BA849D1972D /* Pods_MappinTests.framework */ = {isa = PBXFileReference; explicitFileType = wrapper.framework; includeInIndex = 0; path = Pods_MappinTests.framework; sourceTree = BUILT_PRODUCTS_DIR; };
		C25D072D27527C6400175D6C /* LoadingIndicator.swift */ = {isa = PBXFileReference; lastKnownFileType = sourcecode.swift; path = LoadingIndicator.swift; sourceTree = "<group>"; };
		C25FF50627574FA900A83A40 /* IBMPlexSansKR-Regular.otf */ = {isa = PBXFileReference; lastKnownFileType = file; path = "IBMPlexSansKR-Regular.otf"; sourceTree = "<group>"; };
		C25FF508275750FB00A83A40 /* IBMPlexSansKR-Bold.otf */ = {isa = PBXFileReference; lastKnownFileType = file; path = "IBMPlexSansKR-Bold.otf"; sourceTree = "<group>"; };
		C25FF50A2757520300A83A40 /* IBMPlexSansKR-SemiBold.otf */ = {isa = PBXFileReference; lastKnownFileType = file; path = "IBMPlexSansKR-SemiBold.otf"; sourceTree = "<group>"; };
		C25FF50C2757548D00A83A40 /* AppInfoViewController.swift */ = {isa = PBXFileReference; lastKnownFileType = sourcecode.swift; path = AppInfoViewController.swift; sourceTree = "<group>"; };
		C25FF50E275754A900A83A40 /* AppInfo.storyboard */ = {isa = PBXFileReference; lastKnownFileType = file.storyboard; path = AppInfo.storyboard; sourceTree = "<group>"; };
		C25FF5102757579F00A83A40 /* DefaultTableViewCell.swift */ = {isa = PBXFileReference; lastKnownFileType = sourcecode.swift; path = DefaultTableViewCell.swift; sourceTree = "<group>"; };
		C25FF5112757579F00A83A40 /* DefaultTableViewCell.xib */ = {isa = PBXFileReference; lastKnownFileType = file.xib; path = DefaultTableViewCell.xib; sourceTree = "<group>"; };
		C25FFA03274F4E8100B0C41B /* MarkerInfoViewController.swift */ = {isa = PBXFileReference; lastKnownFileType = sourcecode.swift; path = MarkerInfoViewController.swift; sourceTree = "<group>"; };
		C25FFA05274F4E9200B0C41B /* MarkerInfo.storyboard */ = {isa = PBXFileReference; lastKnownFileType = file.storyboard; path = MarkerInfo.storyboard; sourceTree = "<group>"; };
		C25FFA07274F5BD000B0C41B /* MarkerInfoTableViewCell.swift */ = {isa = PBXFileReference; lastKnownFileType = sourcecode.swift; path = MarkerInfoTableViewCell.swift; sourceTree = "<group>"; };
		C25FFA08274F5BD000B0C41B /* MarkerInfoTableViewCell.xib */ = {isa = PBXFileReference; lastKnownFileType = file.xib; path = MarkerInfoTableViewCell.xib; sourceTree = "<group>"; };
		C26A23E327453BF5005F42E2 /* APIS.swift */ = {isa = PBXFileReference; lastKnownFileType = sourcecode.swift; path = APIS.swift; sourceTree = "<group>"; };
		C26A23E927462169005F42E2 /* en */ = {isa = PBXFileReference; lastKnownFileType = text.plist.strings; name = en; path = en.lproj/Localizable.strings; sourceTree = "<group>"; };
		C26A23EB27462187005F42E2 /* ko */ = {isa = PBXFileReference; lastKnownFileType = text.plist.strings; name = ko; path = ko.lproj/Main.strings; sourceTree = "<group>"; };
		C26A23EC27462187005F42E2 /* ko */ = {isa = PBXFileReference; lastKnownFileType = text.plist.strings; name = ko; path = ko.lproj/LaunchScreen.strings; sourceTree = "<group>"; };
		C26A23ED27462187005F42E2 /* ko */ = {isa = PBXFileReference; lastKnownFileType = text.plist.strings; name = ko; path = ko.lproj/Localizable.strings; sourceTree = "<group>"; };
		C26A23EF27462304005F42E2 /* LocationManager.swift */ = {isa = PBXFileReference; lastKnownFileType = sourcecode.swift; path = LocationManager.swift; sourceTree = "<group>"; };
		C26A23F127465067005F42E2 /* AddTravelViewController.swift */ = {isa = PBXFileReference; lastKnownFileType = sourcecode.swift; path = AddTravelViewController.swift; sourceTree = "<group>"; };
		C26A23F327465074005F42E2 /* AddTravel.storyboard */ = {isa = PBXFileReference; lastKnownFileType = file.storyboard; path = AddTravel.storyboard; sourceTree = "<group>"; };
		C26A23F52746549F005F42E2 /* AddPinViewController.swift */ = {isa = PBXFileReference; lastKnownFileType = sourcecode.swift; path = AddPinViewController.swift; sourceTree = "<group>"; };
		C26A23F7274654B5005F42E2 /* AddPin.storyboard */ = {isa = PBXFileReference; lastKnownFileType = file.storyboard; path = AddPin.storyboard; sourceTree = "<group>"; };
		C26A23FA27467450005F42E2 /* Extension+UIViewController.swift */ = {isa = PBXFileReference; lastKnownFileType = sourcecode.swift; path = "Extension+UIViewController.swift"; sourceTree = "<group>"; };
		C26A23FC2746909A005F42E2 /* PhotoCollectionViewCell.swift */ = {isa = PBXFileReference; lastKnownFileType = sourcecode.swift; path = PhotoCollectionViewCell.swift; sourceTree = "<group>"; };
		C26A23FD2746909A005F42E2 /* PhotoCollectionViewCell.xib */ = {isa = PBXFileReference; lastKnownFileType = file.xib; path = PhotoCollectionViewCell.xib; sourceTree = "<group>"; };
		C26D2E512756787B0035D339 /* SideMenuViewController.swift */ = {isa = PBXFileReference; lastKnownFileType = sourcecode.swift; path = SideMenuViewController.swift; sourceTree = "<group>"; };
		C26D2E5527567D270035D339 /* SideMenu.storyboard */ = {isa = PBXFileReference; lastKnownFileType = file.storyboard; path = SideMenu.storyboard; sourceTree = "<group>"; };
		C26D2E5727567D5D0035D339 /* SideMenuTableViewCell.swift */ = {isa = PBXFileReference; lastKnownFileType = sourcecode.swift; path = SideMenuTableViewCell.swift; sourceTree = "<group>"; };
		C26D2E5827567D5D0035D339 /* SideMenuTableViewCell.xib */ = {isa = PBXFileReference; lastKnownFileType = file.xib; path = SideMenuTableViewCell.xib; sourceTree = "<group>"; };
		C26D2E5B275680C30035D339 /* LicenseViewController.swift */ = {isa = PBXFileReference; lastKnownFileType = sourcecode.swift; path = LicenseViewController.swift; sourceTree = "<group>"; };
		C26D2E5D275680D30035D339 /* License.storyboard */ = {isa = PBXFileReference; lastKnownFileType = file.storyboard; path = License.storyboard; sourceTree = "<group>"; };
		C26D2E60275683AB0035D339 /* Library.swift */ = {isa = PBXFileReference; lastKnownFileType = sourcecode.swift; path = Library.swift; sourceTree = "<group>"; };
		C26D2E6227568DC70035D339 /* WebViewController.swift */ = {isa = PBXFileReference; lastKnownFileType = sourcecode.swift; path = WebViewController.swift; sourceTree = "<group>"; };
		C26D2E6427568DD30035D339 /* Web.storyboard */ = {isa = PBXFileReference; lastKnownFileType = file.storyboard; path = Web.storyboard; sourceTree = "<group>"; };
		C2715C67274BADA2001D5286 /* InitialTableViewHeader.swift */ = {isa = PBXFileReference; lastKnownFileType = sourcecode.swift; path = InitialTableViewHeader.swift; sourceTree = "<group>"; };
		C2715C69274BDE6F001D5286 /* Extension+UIColor.swift */ = {isa = PBXFileReference; lastKnownFileType = sourcecode.swift; path = "Extension+UIColor.swift"; sourceTree = "<group>"; };
		C2715C6B274BECB6001D5286 /* TravelListViewController.swift */ = {isa = PBXFileReference; lastKnownFileType = sourcecode.swift; path = TravelListViewController.swift; sourceTree = "<group>"; };
		C2715C6D274BECC5001D5286 /* TravelList.storyboard */ = {isa = PBXFileReference; lastKnownFileType = file.storyboard; path = TravelList.storyboard; sourceTree = "<group>"; };
		C2715C6F274CE3F3001D5286 /* TravelListTableViewCell.swift */ = {isa = PBXFileReference; lastKnownFileType = sourcecode.swift; path = TravelListTableViewCell.swift; sourceTree = "<group>"; };
		C2715C70274CE3F3001D5286 /* TravelListTableViewCell.xib */ = {isa = PBXFileReference; lastKnownFileType = file.xib; path = TravelListTableViewCell.xib; sourceTree = "<group>"; };
		C2715C73274CE9CD001D5286 /* ImageManager.swift */ = {isa = PBXFileReference; lastKnownFileType = sourcecode.swift; path = ImageManager.swift; sourceTree = "<group>"; };
		C2715C75274CEED9001D5286 /* TravelDetailViewController.swift */ = {isa = PBXFileReference; lastKnownFileType = sourcecode.swift; path = TravelDetailViewController.swift; sourceTree = "<group>"; };
		C2715C77274CEEE9001D5286 /* Detail.storyboard */ = {isa = PBXFileReference; lastKnownFileType = file.storyboard; path = Detail.storyboard; sourceTree = "<group>"; };
		C2715C79274CFD32001D5286 /* TravelDetailCollectionViewCell.swift */ = {isa = PBXFileReference; lastKnownFileType = sourcecode.swift; path = TravelDetailCollectionViewCell.swift; sourceTree = "<group>"; };
		C2715C7A274CFD32001D5286 /* TravelDetailCollectionViewCell.xib */ = {isa = PBXFileReference; lastKnownFileType = file.xib; path = TravelDetailCollectionViewCell.xib; sourceTree = "<group>"; };
		C271689B2760FBB30072B167 /* LocationInfoTableViewCell.swift */ = {isa = PBXFileReference; lastKnownFileType = sourcecode.swift; path = LocationInfoTableViewCell.swift; sourceTree = "<group>"; };
		C271689C2760FBB30072B167 /* LocationInfoTableViewCell.xib */ = {isa = PBXFileReference; lastKnownFileType = file.xib; path = LocationInfoTableViewCell.xib; sourceTree = "<group>"; };
		C271689F2761013D0072B167 /* SearchResults.swift */ = {isa = PBXFileReference; lastKnownFileType = sourcecode.swift; path = SearchResults.swift; sourceTree = "<group>"; };
		C27A902827488F2700CDF3C9 /* CustomGesture.swift */ = {isa = PBXFileReference; lastKnownFileType = sourcecode.swift; path = CustomGesture.swift; sourceTree = "<group>"; };
		C27A902E274A6F6B00CDF3C9 /* CustomTextField.swift */ = {isa = PBXFileReference; lastKnownFileType = sourcecode.swift; path = CustomTextField.swift; sourceTree = "<group>"; };
		C27A9030274A813A00CDF3C9 /* SelectLocationViewController.swift */ = {isa = PBXFileReference; lastKnownFileType = sourcecode.swift; path = SelectLocationViewController.swift; sourceTree = "<group>"; };
		C27FE54F27451BCF00F91946 /* RealmModel.swift */ = {isa = PBXFileReference; lastKnownFileType = sourcecode.swift; path = RealmModel.swift; sourceTree = "<group>"; };
		C27FE551274520C600F91946 /* InitialViewController.swift */ = {isa = PBXFileReference; lastKnownFileType = sourcecode.swift; path = InitialViewController.swift; sourceTree = "<group>"; };
		C27FE5542745218100F91946 /* InitialTableViewCell.swift */ = {isa = PBXFileReference; lastKnownFileType = sourcecode.swift; path = InitialTableViewCell.swift; sourceTree = "<group>"; };
		C27FE5552745218100F91946 /* InitialTableViewCell.xib */ = {isa = PBXFileReference; lastKnownFileType = file.xib; path = InitialTableViewCell.xib; sourceTree = "<group>"; };
		C27FE558274523D500F91946 /* MapViewController.swift */ = {isa = PBXFileReference; lastKnownFileType = sourcecode.swift; path = MapViewController.swift; sourceTree = "<group>"; };
		C27FE55A274523EE00F91946 /* Map.storyboard */ = {isa = PBXFileReference; lastKnownFileType = file.storyboard; path = Map.storyboard; sourceTree = "<group>"; };
		C288CDD8276B704500F519CE /* GoogleService-Info.plist */ = {isa = PBXFileReference; fileEncoding = 4; lastKnownFileType = text.plist.xml; path = "GoogleService-Info.plist"; sourceTree = "<group>"; };
		C2A2C6A627537F38003E8DC2 /* Extension+UIFont.swift */ = {isa = PBXFileReference; lastKnownFileType = sourcecode.swift; path = "Extension+UIFont.swift"; sourceTree = "<group>"; };
		C2A2C6C027553073003E8DC2 /* Extension+String.swift */ = {isa = PBXFileReference; lastKnownFileType = sourcecode.swift; path = "Extension+String.swift"; sourceTree = "<group>"; };
		C2A2C6C527562832003E8DC2 /* en */ = {isa = PBXFileReference; lastKnownFileType = text.plist.strings; name = en; path = en.lproj/InfoPlist.strings; sourceTree = "<group>"; };
		C2A2C6C727562834003E8DC2 /* ko */ = {isa = PBXFileReference; lastKnownFileType = text.plist.strings; name = ko; path = ko.lproj/InfoPlist.strings; sourceTree = "<group>"; };
		C2A80B20274A8D54002E29C9 /* SelectLocation.storyboard */ = {isa = PBXFileReference; lastKnownFileType = file.storyboard; path = SelectLocation.storyboard; sourceTree = "<group>"; };
		C2CC523727427AAB00090891 /* Mappin.app */ = {isa = PBXFileReference; explicitFileType = wrapper.application; includeInIndex = 0; path = Mappin.app; sourceTree = BUILT_PRODUCTS_DIR; };
		C2CC523A27427AAB00090891 /* AppDelegate.swift */ = {isa = PBXFileReference; lastKnownFileType = sourcecode.swift; path = AppDelegate.swift; sourceTree = "<group>"; };
		C2CC523C27427AAB00090891 /* SceneDelegate.swift */ = {isa = PBXFileReference; lastKnownFileType = sourcecode.swift; path = SceneDelegate.swift; sourceTree = "<group>"; };
		C2CC524127427AAB00090891 /* Base */ = {isa = PBXFileReference; lastKnownFileType = file.storyboard; name = Base; path = Base.lproj/Main.storyboard; sourceTree = "<group>"; };
		C2CC524327427AAD00090891 /* Assets.xcassets */ = {isa = PBXFileReference; lastKnownFileType = folder.assetcatalog; path = Assets.xcassets; sourceTree = "<group>"; };
		C2CC524627427AAD00090891 /* Base */ = {isa = PBXFileReference; lastKnownFileType = file.storyboard; name = Base; path = Base.lproj/LaunchScreen.storyboard; sourceTree = "<group>"; };
		C2CC524827427AAD00090891 /* Info.plist */ = {isa = PBXFileReference; lastKnownFileType = text.plist.xml; path = Info.plist; sourceTree = "<group>"; };
		C2CC524D27427AAD00090891 /* MappinTests.xctest */ = {isa = PBXFileReference; explicitFileType = wrapper.cfbundle; includeInIndex = 0; path = MappinTests.xctest; sourceTree = BUILT_PRODUCTS_DIR; };
		C2CC525127427AAD00090891 /* MappinTests.swift */ = {isa = PBXFileReference; lastKnownFileType = sourcecode.swift; path = MappinTests.swift; sourceTree = "<group>"; };
		C2CC525727427AAD00090891 /* MappinUITests.xctest */ = {isa = PBXFileReference; explicitFileType = wrapper.cfbundle; includeInIndex = 0; path = MappinUITests.xctest; sourceTree = BUILT_PRODUCTS_DIR; };
		C2CC525B27427AAD00090891 /* MappinUITests.swift */ = {isa = PBXFileReference; lastKnownFileType = sourcecode.swift; path = MappinUITests.swift; sourceTree = "<group>"; };
		C2CC525D27427AAD00090891 /* MappinUITestsLaunchTests.swift */ = {isa = PBXFileReference; lastKnownFileType = sourcecode.swift; path = MappinUITestsLaunchTests.swift; sourceTree = "<group>"; };
		C4D1BC0A448601382C82D245 /* Pods-Mappin.release.xcconfig */ = {isa = PBXFileReference; includeInIndex = 1; lastKnownFileType = text.xcconfig; name = "Pods-Mappin.release.xcconfig"; path = "Target Support Files/Pods-Mappin/Pods-Mappin.release.xcconfig"; sourceTree = "<group>"; };
		D5A79D76CC78A409BC6B2DC2 /* Pods_Mappin_MappinUITests.framework */ = {isa = PBXFileReference; explicitFileType = wrapper.framework; includeInIndex = 0; path = Pods_Mappin_MappinUITests.framework; sourceTree = BUILT_PRODUCTS_DIR; };
		FD3F8F00F486BB485FB069C0 /* Pods-Mappin-MappinUITests.debug.xcconfig */ = {isa = PBXFileReference; includeInIndex = 1; lastKnownFileType = text.xcconfig; name = "Pods-Mappin-MappinUITests.debug.xcconfig"; path = "Target Support Files/Pods-Mappin-MappinUITests/Pods-Mappin-MappinUITests.debug.xcconfig"; sourceTree = "<group>"; };
/* End PBXFileReference section */

/* Begin PBXFrameworksBuildPhase section */
		C2CC523427427AAB00090891 /* Frameworks */ = {
			isa = PBXFrameworksBuildPhase;
			buildActionMask = 2147483647;
			files = (
				D999EF4552AE12D4BCB24C5E /* Pods_Mappin.framework in Frameworks */,
			);
			runOnlyForDeploymentPostprocessing = 0;
		};
		C2CC524A27427AAD00090891 /* Frameworks */ = {
			isa = PBXFrameworksBuildPhase;
			buildActionMask = 2147483647;
			files = (
				3409569BE6EC9DAB39372756 /* Pods_MappinTests.framework in Frameworks */,
			);
			runOnlyForDeploymentPostprocessing = 0;
		};
		C2CC525427427AAD00090891 /* Frameworks */ = {
			isa = PBXFrameworksBuildPhase;
			buildActionMask = 2147483647;
			files = (
				BD88EEB02F5B62ACD06C55AD /* Pods_Mappin_MappinUITests.framework in Frameworks */,
			);
			runOnlyForDeploymentPostprocessing = 0;
		};
/* End PBXFrameworksBuildPhase section */

/* Begin PBXGroup section */
		83AF692E832B6D3E25D32C53 /* Pods */ = {
			isa = PBXGroup;
			children = (
				95B82A3A54DF9CD55A1D4029 /* Pods-Mappin.debug.xcconfig */,
				C4D1BC0A448601382C82D245 /* Pods-Mappin.release.xcconfig */,
				FD3F8F00F486BB485FB069C0 /* Pods-Mappin-MappinUITests.debug.xcconfig */,
				4CE5E5DE6139844554A8C831 /* Pods-Mappin-MappinUITests.release.xcconfig */,
				0A782E1D1F22B870BE38A6F4 /* Pods-MappinTests.debug.xcconfig */,
				6BDA8EBD40BB89F97753D75A /* Pods-MappinTests.release.xcconfig */,
			);
			path = Pods;
			sourceTree = "<group>";
		};
		C26A23E527462147005F42E2 /* Localization */ = {
			isa = PBXGroup;
			children = (
				C26A23EA27462169005F42E2 /* Localizable.strings */,
				C2A2C6C627562832003E8DC2 /* InfoPlist.strings */,
			);
			path = Localization;
			sourceTree = "<group>";
		};
		C26A23EE274622F8005F42E2 /* Util */ = {
			isa = PBXGroup;
			children = (
				C26A23EF27462304005F42E2 /* LocationManager.swift */,
				C27A902827488F2700CDF3C9 /* CustomGesture.swift */,
				C27A902E274A6F6B00CDF3C9 /* CustomTextField.swift */,
				C2715C73274CE9CD001D5286 /* ImageManager.swift */,
				C25D072D27527C6400175D6C /* LoadingIndicator.swift */,
			);
			path = Util;
			sourceTree = "<group>";
		};
		C26A23F92746743D005F42E2 /* Extension */ = {
			isa = PBXGroup;
			children = (
				C26A23FA27467450005F42E2 /* Extension+UIViewController.swift */,
				C2715C69274BDE6F001D5286 /* Extension+UIColor.swift */,
				C2A2C6A627537F38003E8DC2 /* Extension+UIFont.swift */,
				C2A2C6C027553073003E8DC2 /* Extension+String.swift */,
			);
			path = Extension;
			sourceTree = "<group>";
		};
		C26D2E5F2756839C0035D339 /* Model */ = {
			isa = PBXGroup;
			children = (
				C26D2E60275683AB0035D339 /* Library.swift */,
				C271689F2761013D0072B167 /* SearchResults.swift */,
			);
			path = Model;
			sourceTree = "<group>";
		};
		C27FE54E2745181A00F91946 /* Realm */ = {
			isa = PBXGroup;
			children = (
				C27FE54F27451BCF00F91946 /* RealmModel.swift */,
			);
			path = Realm;
			sourceTree = "<group>";
		};
		C27FE5532745216900F91946 /* View */ = {
			isa = PBXGroup;
			children = (
				C27FE5542745218100F91946 /* InitialTableViewCell.swift */,
				C27FE5552745218100F91946 /* InitialTableViewCell.xib */,
				C26A23FC2746909A005F42E2 /* PhotoCollectionViewCell.swift */,
				C26A23FD2746909A005F42E2 /* PhotoCollectionViewCell.xib */,
				C2715C67274BADA2001D5286 /* InitialTableViewHeader.swift */,
				C2715C6F274CE3F3001D5286 /* TravelListTableViewCell.swift */,
				C2715C70274CE3F3001D5286 /* TravelListTableViewCell.xib */,
				C2715C79274CFD32001D5286 /* TravelDetailCollectionViewCell.swift */,
				C2715C7A274CFD32001D5286 /* TravelDetailCollectionViewCell.xib */,
				C25FFA07274F5BD000B0C41B /* MarkerInfoTableViewCell.swift */,
				C25FFA08274F5BD000B0C41B /* MarkerInfoTableViewCell.xib */,
				C26D2E5727567D5D0035D339 /* SideMenuTableViewCell.swift */,
				C26D2E5827567D5D0035D339 /* SideMenuTableViewCell.xib */,
				C25FF5102757579F00A83A40 /* DefaultTableViewCell.swift */,
				C25FF5112757579F00A83A40 /* DefaultTableViewCell.xib */,
				C271689B2760FBB30072B167 /* LocationInfoTableViewCell.swift */,
				C271689C2760FBB30072B167 /* LocationInfoTableViewCell.xib */,
			);
			path = View;
			sourceTree = "<group>";
		};
		C2A2C69F27537100003E8DC2 /* Font */ = {
			isa = PBXGroup;
			children = (
				C25FF50627574FA900A83A40 /* IBMPlexSansKR-Regular.otf */,
				C25FF50A2757520300A83A40 /* IBMPlexSansKR-SemiBold.otf */,
				C25FF508275750FB00A83A40 /* IBMPlexSansKR-Bold.otf */,
			);
			path = Font;
			sourceTree = "<group>";
		};
		C2CC522E27427AAB00090891 = {
			isa = PBXGroup;
			children = (
				C2CC523927427AAB00090891 /* Mappin */,
				C2CC525027427AAD00090891 /* MappinTests */,
				C2CC525A27427AAD00090891 /* MappinUITests */,
				C2CC523827427AAB00090891 /* Products */,
				83AF692E832B6D3E25D32C53 /* Pods */,
				FED4E312D31DB049AD64C1E9 /* Frameworks */,
			);
			sourceTree = "<group>";
		};
		C2CC523827427AAB00090891 /* Products */ = {
			isa = PBXGroup;
			children = (
				C2CC523727427AAB00090891 /* Mappin.app */,
				C2CC524D27427AAD00090891 /* MappinTests.xctest */,
				C2CC525727427AAD00090891 /* MappinUITests.xctest */,
			);
			name = Products;
			sourceTree = "<group>";
		};
		C2CC523927427AAB00090891 /* Mappin */ = {
			isa = PBXGroup;
			children = (
				C26D2E5F2756839C0035D339 /* Model */,
				C26A23F92746743D005F42E2 /* Extension */,
				C26A23EE274622F8005F42E2 /* Util */,
				C26A23E527462147005F42E2 /* Localization */,
				C27FE5532745216900F91946 /* View */,
				C27FE54E2745181A00F91946 /* Realm */,
				C2CC526C27427B1000090891 /* Resource */,
				C2CC526B27427B0800090891 /* Storyboard */,
				C2CC526A27427B0000090891 /* Controller */,
				C2CC524827427AAD00090891 /* Info.plist */,
				C288CDD8276B704500F519CE /* GoogleService-Info.plist */,
			);
			path = Mappin;
			sourceTree = "<group>";
		};
		C2CC525027427AAD00090891 /* MappinTests */ = {
			isa = PBXGroup;
			children = (
				C2CC525127427AAD00090891 /* MappinTests.swift */,
			);
			path = MappinTests;
			sourceTree = "<group>";
		};
		C2CC525A27427AAD00090891 /* MappinUITests */ = {
			isa = PBXGroup;
			children = (
				C2CC525B27427AAD00090891 /* MappinUITests.swift */,
				C2CC525D27427AAD00090891 /* MappinUITestsLaunchTests.swift */,
			);
			path = MappinUITests;
			sourceTree = "<group>";
		};
		C2CC526A27427B0000090891 /* Controller */ = {
			isa = PBXGroup;
			children = (
				C27FE551274520C600F91946 /* InitialViewController.swift */,
				C27FE558274523D500F91946 /* MapViewController.swift */,
				C26A23F127465067005F42E2 /* AddTravelViewController.swift */,
				C26A23F52746549F005F42E2 /* AddPinViewController.swift */,
				C27A9030274A813A00CDF3C9 /* SelectLocationViewController.swift */,
				C2715C6B274BECB6001D5286 /* TravelListViewController.swift */,
				C2715C75274CEED9001D5286 /* TravelDetailViewController.swift */,
				C25FFA03274F4E8100B0C41B /* MarkerInfoViewController.swift */,
				C26D2E512756787B0035D339 /* SideMenuViewController.swift */,
				C26D2E5B275680C30035D339 /* LicenseViewController.swift */,
				C26D2E6227568DC70035D339 /* WebViewController.swift */,
				C25FF50C2757548D00A83A40 /* AppInfoViewController.swift */,
			);
			path = Controller;
			sourceTree = "<group>";
		};
		C2CC526B27427B0800090891 /* Storyboard */ = {
			isa = PBXGroup;
			children = (
				C2CC524027427AAB00090891 /* Main.storyboard */,
				C2CC524527427AAD00090891 /* LaunchScreen.storyboard */,
				C27FE55A274523EE00F91946 /* Map.storyboard */,
				C26A23F327465074005F42E2 /* AddTravel.storyboard */,
				C26A23F7274654B5005F42E2 /* AddPin.storyboard */,
				C2A80B20274A8D54002E29C9 /* SelectLocation.storyboard */,
				C2715C6D274BECC5001D5286 /* TravelList.storyboard */,
				C2715C77274CEEE9001D5286 /* Detail.storyboard */,
				C25FFA05274F4E9200B0C41B /* MarkerInfo.storyboard */,
				C26D2E5527567D270035D339 /* SideMenu.storyboard */,
				C26D2E5D275680D30035D339 /* License.storyboard */,
				C26D2E6427568DD30035D339 /* Web.storyboard */,
				C25FF50E275754A900A83A40 /* AppInfo.storyboard */,
			);
			path = Storyboard;
			sourceTree = "<group>";
		};
		C2CC526C27427B1000090891 /* Resource */ = {
			isa = PBXGroup;
			children = (
				C2A2C69F27537100003E8DC2 /* Font */,
				C2CC524327427AAD00090891 /* Assets.xcassets */,
				C2CC523A27427AAB00090891 /* AppDelegate.swift */,
				C2CC523C27427AAB00090891 /* SceneDelegate.swift */,
				C26A23E327453BF5005F42E2 /* APIS.swift */,
			);
			path = Resource;
			sourceTree = "<group>";
		};
		FED4E312D31DB049AD64C1E9 /* Frameworks */ = {
			isa = PBXGroup;
			children = (
				67955C04DDB2878B1D57D54D /* Pods_Mappin.framework */,
				D5A79D76CC78A409BC6B2DC2 /* Pods_Mappin_MappinUITests.framework */,
				9C3D2C17A29D6BA849D1972D /* Pods_MappinTests.framework */,
			);
			name = Frameworks;
			sourceTree = "<group>";
		};
/* End PBXGroup section */

/* Begin PBXNativeTarget section */
		C2CC523627427AAB00090891 /* Mappin */ = {
			isa = PBXNativeTarget;
			buildConfigurationList = C2CC526127427AAD00090891 /* Build configuration list for PBXNativeTarget "Mappin" */;
			buildPhases = (
				7734EBD6ECA244C23BFD8693 /* [CP] Check Pods Manifest.lock */,
				C2CC523327427AAB00090891 /* Sources */,
				C2CC523427427AAB00090891 /* Frameworks */,
				C2CC523527427AAB00090891 /* Resources */,
				7F484647F0B8E696C87A8407 /* [CP] Copy Pods Resources */,
				7A563C0D3E8FE0CC2DA61016 /* [CP] Embed Pods Frameworks */,
				C288CDD5276B641D00F519CE /* ShellScript */,
			);
			buildRules = (
			);
			dependencies = (
			);
			name = Mappin;
			productName = Mappin;
			productReference = C2CC523727427AAB00090891 /* Mappin.app */;
			productType = "com.apple.product-type.application";
		};
		C2CC524C27427AAD00090891 /* MappinTests */ = {
			isa = PBXNativeTarget;
			buildConfigurationList = C2CC526427427AAD00090891 /* Build configuration list for PBXNativeTarget "MappinTests" */;
			buildPhases = (
				078C06E6C8F082AA034939A0 /* [CP] Check Pods Manifest.lock */,
				C2CC524927427AAD00090891 /* Sources */,
				C2CC524A27427AAD00090891 /* Frameworks */,
				C2CC524B27427AAD00090891 /* Resources */,
			);
			buildRules = (
			);
			dependencies = (
				C2CC524F27427AAD00090891 /* PBXTargetDependency */,
			);
			name = MappinTests;
			productName = MappinTests;
			productReference = C2CC524D27427AAD00090891 /* MappinTests.xctest */;
			productType = "com.apple.product-type.bundle.unit-test";
		};
		C2CC525627427AAD00090891 /* MappinUITests */ = {
			isa = PBXNativeTarget;
			buildConfigurationList = C2CC526727427AAD00090891 /* Build configuration list for PBXNativeTarget "MappinUITests" */;
			buildPhases = (
				647136A0A456BB88F98D459C /* [CP] Check Pods Manifest.lock */,
				C2CC525327427AAD00090891 /* Sources */,
				C2CC525427427AAD00090891 /* Frameworks */,
				C2CC525527427AAD00090891 /* Resources */,
				23E0A33C0AB7FB3E6F17A381 /* [CP] Copy Pods Resources */,
				494CCBC657EFBEE4A83F64EE /* [CP] Embed Pods Frameworks */,
			);
			buildRules = (
			);
			dependencies = (
				C2CC525927427AAD00090891 /* PBXTargetDependency */,
			);
			name = MappinUITests;
			productName = MappinUITests;
			productReference = C2CC525727427AAD00090891 /* MappinUITests.xctest */;
			productType = "com.apple.product-type.bundle.ui-testing";
		};
/* End PBXNativeTarget section */

/* Begin PBXProject section */
		C2CC522F27427AAB00090891 /* Project object */ = {
			isa = PBXProject;
			attributes = {
				BuildIndependentTargetsInParallel = 1;
				LastSwiftUpdateCheck = 1310;
				LastUpgradeCheck = 1310;
				TargetAttributes = {
					C2CC523627427AAB00090891 = {
						CreatedOnToolsVersion = 13.1;
					};
					C2CC524C27427AAD00090891 = {
						CreatedOnToolsVersion = 13.1;
						TestTargetID = C2CC523627427AAB00090891;
					};
					C2CC525627427AAD00090891 = {
						CreatedOnToolsVersion = 13.1;
						TestTargetID = C2CC523627427AAB00090891;
					};
				};
			};
			buildConfigurationList = C2CC523227427AAB00090891 /* Build configuration list for PBXProject "Mappin" */;
			compatibilityVersion = "Xcode 13.0";
			developmentRegion = en;
			hasScannedForEncodings = 0;
			knownRegions = (
				en,
				Base,
				ko,
			);
			mainGroup = C2CC522E27427AAB00090891;
			productRefGroup = C2CC523827427AAB00090891 /* Products */;
			projectDirPath = "";
			projectRoot = "";
			targets = (
				C2CC523627427AAB00090891 /* Mappin */,
				C2CC524C27427AAD00090891 /* MappinTests */,
				C2CC525627427AAD00090891 /* MappinUITests */,
			);
		};
/* End PBXProject section */

/* Begin PBXResourcesBuildPhase section */
		C2CC523527427AAB00090891 /* Resources */ = {
			isa = PBXResourcesBuildPhase;
			buildActionMask = 2147483647;
			files = (
				C25FF50B2757520300A83A40 /* IBMPlexSansKR-SemiBold.otf in Resources */,
				C26A23F8274654B5005F42E2 /* AddPin.storyboard in Resources */,
				C2CC524727427AAD00090891 /* LaunchScreen.storyboard in Resources */,
				C2715C6E274BECC5001D5286 /* TravelList.storyboard in Resources */,
				C2715C78274CEEE9001D5286 /* Detail.storyboard in Resources */,
				C26A23E827462169005F42E2 /* Localizable.strings in Resources */,
				C26A23FF2746909A005F42E2 /* PhotoCollectionViewCell.xib in Resources */,
				C26D2E6527568DD30035D339 /* Web.storyboard in Resources */,
				C26A23F427465074005F42E2 /* AddTravel.storyboard in Resources */,
				C26D2E5E275680D30035D339 /* License.storyboard in Resources */,
				C25FF509275750FB00A83A40 /* IBMPlexSansKR-Bold.otf in Resources */,
				C2A2C6C427562832003E8DC2 /* InfoPlist.strings in Resources */,
				C2A80B21274A8D54002E29C9 /* SelectLocation.storyboard in Resources */,
				C288CDD9276B704500F519CE /* GoogleService-Info.plist in Resources */,
				C2CC524427427AAD00090891 /* Assets.xcassets in Resources */,
				C25FF50727574FA900A83A40 /* IBMPlexSansKR-Regular.otf in Resources */,
				C25FFA06274F4E9200B0C41B /* MarkerInfo.storyboard in Resources */,
				C27FE55B274523EE00F91946 /* Map.storyboard in Resources */,
				C25FF5132757579F00A83A40 /* DefaultTableViewCell.xib in Resources */,
				C2715C72274CE3F3001D5286 /* TravelListTableViewCell.xib in Resources */,
				C26D2E5A27567D5D0035D339 /* SideMenuTableViewCell.xib in Resources */,
				C27FE5572745218100F91946 /* InitialTableViewCell.xib in Resources */,
				C26D2E5627567D270035D339 /* SideMenu.storyboard in Resources */,
				C25FFA0A274F5BD000B0C41B /* MarkerInfoTableViewCell.xib in Resources */,
				C2CC524227427AAB00090891 /* Main.storyboard in Resources */,
				C25FF50F275754A900A83A40 /* AppInfo.storyboard in Resources */,
				C271689E2760FBB30072B167 /* LocationInfoTableViewCell.xib in Resources */,
				C2715C7C274CFD32001D5286 /* TravelDetailCollectionViewCell.xib in Resources */,
			);
			runOnlyForDeploymentPostprocessing = 0;
		};
		C2CC524B27427AAD00090891 /* Resources */ = {
			isa = PBXResourcesBuildPhase;
			buildActionMask = 2147483647;
			files = (
			);
			runOnlyForDeploymentPostprocessing = 0;
		};
		C2CC525527427AAD00090891 /* Resources */ = {
			isa = PBXResourcesBuildPhase;
			buildActionMask = 2147483647;
			files = (
			);
			runOnlyForDeploymentPostprocessing = 0;
		};
/* End PBXResourcesBuildPhase section */

/* Begin PBXShellScriptBuildPhase section */
		078C06E6C8F082AA034939A0 /* [CP] Check Pods Manifest.lock */ = {
			isa = PBXShellScriptBuildPhase;
			buildActionMask = 2147483647;
			files = (
			);
			inputFileListPaths = (
			);
			inputPaths = (
				"${PODS_PODFILE_DIR_PATH}/Podfile.lock",
				"${PODS_ROOT}/Manifest.lock",
			);
			name = "[CP] Check Pods Manifest.lock";
			outputFileListPaths = (
			);
			outputPaths = (
				"$(DERIVED_FILE_DIR)/Pods-MappinTests-checkManifestLockResult.txt",
			);
			runOnlyForDeploymentPostprocessing = 0;
			shellPath = /bin/sh;
			shellScript = "diff \"${PODS_PODFILE_DIR_PATH}/Podfile.lock\" \"${PODS_ROOT}/Manifest.lock\" > /dev/null\nif [ $? != 0 ] ; then\n    # print error to STDERR\n    echo \"error: The sandbox is not in sync with the Podfile.lock. Run 'pod install' or update your CocoaPods installation.\" >&2\n    exit 1\nfi\n# This output is used by Xcode 'outputs' to avoid re-running this script phase.\necho \"SUCCESS\" > \"${SCRIPT_OUTPUT_FILE_0}\"\n";
			showEnvVarsInLog = 0;
		};
		23E0A33C0AB7FB3E6F17A381 /* [CP] Copy Pods Resources */ = {
			isa = PBXShellScriptBuildPhase;
			buildActionMask = 2147483647;
			files = (
			);
			inputFileListPaths = (
				"${PODS_ROOT}/Target Support Files/Pods-Mappin-MappinUITests/Pods-Mappin-MappinUITests-resources-${CONFIGURATION}-input-files.xcfilelist",
			);
			name = "[CP] Copy Pods Resources";
			outputFileListPaths = (
				"${PODS_ROOT}/Target Support Files/Pods-Mappin-MappinUITests/Pods-Mappin-MappinUITests-resources-${CONFIGURATION}-output-files.xcfilelist",
			);
			runOnlyForDeploymentPostprocessing = 0;
			shellPath = /bin/sh;
			shellScript = "\"${PODS_ROOT}/Target Support Files/Pods-Mappin-MappinUITests/Pods-Mappin-MappinUITests-resources.sh\"\n";
			showEnvVarsInLog = 0;
		};
		494CCBC657EFBEE4A83F64EE /* [CP] Embed Pods Frameworks */ = {
			isa = PBXShellScriptBuildPhase;
			buildActionMask = 2147483647;
			files = (
			);
			inputFileListPaths = (
				"${PODS_ROOT}/Target Support Files/Pods-Mappin-MappinUITests/Pods-Mappin-MappinUITests-frameworks-${CONFIGURATION}-input-files.xcfilelist",
			);
			name = "[CP] Embed Pods Frameworks";
			outputFileListPaths = (
				"${PODS_ROOT}/Target Support Files/Pods-Mappin-MappinUITests/Pods-Mappin-MappinUITests-frameworks-${CONFIGURATION}-output-files.xcfilelist",
			);
			runOnlyForDeploymentPostprocessing = 0;
			shellPath = /bin/sh;
			shellScript = "\"${PODS_ROOT}/Target Support Files/Pods-Mappin-MappinUITests/Pods-Mappin-MappinUITests-frameworks.sh\"\n";
			showEnvVarsInLog = 0;
		};
		647136A0A456BB88F98D459C /* [CP] Check Pods Manifest.lock */ = {
			isa = PBXShellScriptBuildPhase;
			buildActionMask = 2147483647;
			files = (
			);
			inputFileListPaths = (
			);
			inputPaths = (
				"${PODS_PODFILE_DIR_PATH}/Podfile.lock",
				"${PODS_ROOT}/Manifest.lock",
			);
			name = "[CP] Check Pods Manifest.lock";
			outputFileListPaths = (
			);
			outputPaths = (
				"$(DERIVED_FILE_DIR)/Pods-Mappin-MappinUITests-checkManifestLockResult.txt",
			);
			runOnlyForDeploymentPostprocessing = 0;
			shellPath = /bin/sh;
			shellScript = "diff \"${PODS_PODFILE_DIR_PATH}/Podfile.lock\" \"${PODS_ROOT}/Manifest.lock\" > /dev/null\nif [ $? != 0 ] ; then\n    # print error to STDERR\n    echo \"error: The sandbox is not in sync with the Podfile.lock. Run 'pod install' or update your CocoaPods installation.\" >&2\n    exit 1\nfi\n# This output is used by Xcode 'outputs' to avoid re-running this script phase.\necho \"SUCCESS\" > \"${SCRIPT_OUTPUT_FILE_0}\"\n";
			showEnvVarsInLog = 0;
		};
		7734EBD6ECA244C23BFD8693 /* [CP] Check Pods Manifest.lock */ = {
			isa = PBXShellScriptBuildPhase;
			buildActionMask = 2147483647;
			files = (
			);
			inputFileListPaths = (
			);
			inputPaths = (
				"${PODS_PODFILE_DIR_PATH}/Podfile.lock",
				"${PODS_ROOT}/Manifest.lock",
			);
			name = "[CP] Check Pods Manifest.lock";
			outputFileListPaths = (
			);
			outputPaths = (
				"$(DERIVED_FILE_DIR)/Pods-Mappin-checkManifestLockResult.txt",
			);
			runOnlyForDeploymentPostprocessing = 0;
			shellPath = /bin/sh;
			shellScript = "diff \"${PODS_PODFILE_DIR_PATH}/Podfile.lock\" \"${PODS_ROOT}/Manifest.lock\" > /dev/null\nif [ $? != 0 ] ; then\n    # print error to STDERR\n    echo \"error: The sandbox is not in sync with the Podfile.lock. Run 'pod install' or update your CocoaPods installation.\" >&2\n    exit 1\nfi\n# This output is used by Xcode 'outputs' to avoid re-running this script phase.\necho \"SUCCESS\" > \"${SCRIPT_OUTPUT_FILE_0}\"\n";
			showEnvVarsInLog = 0;
		};
		7A563C0D3E8FE0CC2DA61016 /* [CP] Embed Pods Frameworks */ = {
			isa = PBXShellScriptBuildPhase;
			buildActionMask = 2147483647;
			files = (
			);
			inputFileListPaths = (
				"${PODS_ROOT}/Target Support Files/Pods-Mappin/Pods-Mappin-frameworks-${CONFIGURATION}-input-files.xcfilelist",
			);
			name = "[CP] Embed Pods Frameworks";
			outputFileListPaths = (
				"${PODS_ROOT}/Target Support Files/Pods-Mappin/Pods-Mappin-frameworks-${CONFIGURATION}-output-files.xcfilelist",
			);
			runOnlyForDeploymentPostprocessing = 0;
			shellPath = /bin/sh;
			shellScript = "\"${PODS_ROOT}/Target Support Files/Pods-Mappin/Pods-Mappin-frameworks.sh\"\n";
			showEnvVarsInLog = 0;
		};
		7F484647F0B8E696C87A8407 /* [CP] Copy Pods Resources */ = {
			isa = PBXShellScriptBuildPhase;
			buildActionMask = 2147483647;
			files = (
			);
			inputFileListPaths = (
				"${PODS_ROOT}/Target Support Files/Pods-Mappin/Pods-Mappin-resources-${CONFIGURATION}-input-files.xcfilelist",
			);
			name = "[CP] Copy Pods Resources";
			outputFileListPaths = (
				"${PODS_ROOT}/Target Support Files/Pods-Mappin/Pods-Mappin-resources-${CONFIGURATION}-output-files.xcfilelist",
			);
			runOnlyForDeploymentPostprocessing = 0;
			shellPath = /bin/sh;
			shellScript = "\"${PODS_ROOT}/Target Support Files/Pods-Mappin/Pods-Mappin-resources.sh\"\n";
			showEnvVarsInLog = 0;
		};
		C288CDD5276B641D00F519CE /* ShellScript */ = {
			isa = PBXShellScriptBuildPhase;
			buildActionMask = 2147483647;
			files = (
			);
			inputFileListPaths = (
			);
			inputPaths = (
				"${DWARF_DSYM_FOLDER_PATH}/${DWARF_DSYM_FILE_NAME}/Contents/Resources/DWARF/${TARGET_NAME}",
				"$(SRCROOT)/$(BUILT_PRODUCTS_DIR)/$(INFOPLIST_PATH)",
			);
			outputFileListPaths = (
			);
			outputPaths = (
			);
			runOnlyForDeploymentPostprocessing = 0;
			shellPath = /bin/sh;
			shellScript = "# Type a script or drag a script file from your workspace to insert its path.\n\"${PODS_ROOT}/FirebaseCrashlytics/run\"\n";
		};
/* End PBXShellScriptBuildPhase section */

/* Begin PBXSourcesBuildPhase section */
		C2CC523327427AAB00090891 /* Sources */ = {
			isa = PBXSourcesBuildPhase;
			buildActionMask = 2147483647;
			files = (
				C271689D2760FBB30072B167 /* LocationInfoTableViewCell.swift in Sources */,
				C25D072E27527C6400175D6C /* LoadingIndicator.swift in Sources */,
				C27A902F274A6F6B00CDF3C9 /* CustomTextField.swift in Sources */,
				C27FE55027451BCF00F91946 /* RealmModel.swift in Sources */,
				C26A23FB27467450005F42E2 /* Extension+UIViewController.swift in Sources */,
				C26D2E522756787B0035D339 /* SideMenuViewController.swift in Sources */,
				C27FE559274523D500F91946 /* MapViewController.swift in Sources */,
				C2A2C6C127553073003E8DC2 /* Extension+String.swift in Sources */,
				C25FF5122757579F00A83A40 /* DefaultTableViewCell.swift in Sources */,
				C27FE5562745218100F91946 /* InitialTableViewCell.swift in Sources */,
				C2715C7B274CFD32001D5286 /* TravelDetailCollectionViewCell.swift in Sources */,
				C2CC523B27427AAB00090891 /* AppDelegate.swift in Sources */,
				C2715C6C274BECB6001D5286 /* TravelListViewController.swift in Sources */,
				C26A23FE2746909A005F42E2 /* PhotoCollectionViewCell.swift in Sources */,
				C26D2E5927567D5D0035D339 /* SideMenuTableViewCell.swift in Sources */,
				C26A23F027462304005F42E2 /* LocationManager.swift in Sources */,
				C27A9031274A813A00CDF3C9 /* SelectLocationViewController.swift in Sources */,
				C26D2E6327568DC70035D339 /* WebViewController.swift in Sources */,
				C2715C76274CEED9001D5286 /* TravelDetailViewController.swift in Sources */,
				C26D2E5C275680C30035D339 /* LicenseViewController.swift in Sources */,
				C2CC523D27427AAB00090891 /* SceneDelegate.swift in Sources */,
				C2715C74274CE9CD001D5286 /* ImageManager.swift in Sources */,
				C26A23F62746549F005F42E2 /* AddPinViewController.swift in Sources */,
				C2715C6A274BDE6F001D5286 /* Extension+UIColor.swift in Sources */,
				C2715C71274CE3F3001D5286 /* TravelListTableViewCell.swift in Sources */,
				C25FFA09274F5BD000B0C41B /* MarkerInfoTableViewCell.swift in Sources */,
				C26A23F227465067005F42E2 /* AddTravelViewController.swift in Sources */,
				C27A902927488F2700CDF3C9 /* CustomGesture.swift in Sources */,
				C26D2E61275683AB0035D339 /* Library.swift in Sources */,
				C2715C68274BADA2001D5286 /* InitialTableViewHeader.swift in Sources */,
				C25FF50D2757548D00A83A40 /* AppInfoViewController.swift in Sources */,
				C2A2C6A727537F38003E8DC2 /* Extension+UIFont.swift in Sources */,
				C27FE552274520C600F91946 /* InitialViewController.swift in Sources */,
				C25FFA04274F4E8100B0C41B /* MarkerInfoViewController.swift in Sources */,
				C27168A02761013D0072B167 /* SearchResults.swift in Sources */,
				C26A23E427453BF5005F42E2 /* APIS.swift in Sources */,
			);
			runOnlyForDeploymentPostprocessing = 0;
		};
		C2CC524927427AAD00090891 /* Sources */ = {
			isa = PBXSourcesBuildPhase;
			buildActionMask = 2147483647;
			files = (
				C2CC525227427AAD00090891 /* MappinTests.swift in Sources */,
			);
			runOnlyForDeploymentPostprocessing = 0;
		};
		C2CC525327427AAD00090891 /* Sources */ = {
			isa = PBXSourcesBuildPhase;
			buildActionMask = 2147483647;
			files = (
				C2CC525C27427AAD00090891 /* MappinUITests.swift in Sources */,
				C2CC525E27427AAD00090891 /* MappinUITestsLaunchTests.swift in Sources */,
			);
			runOnlyForDeploymentPostprocessing = 0;
		};
/* End PBXSourcesBuildPhase section */

/* Begin PBXTargetDependency section */
		C2CC524F27427AAD00090891 /* PBXTargetDependency */ = {
			isa = PBXTargetDependency;
			target = C2CC523627427AAB00090891 /* Mappin */;
			targetProxy = C2CC524E27427AAD00090891 /* PBXContainerItemProxy */;
		};
		C2CC525927427AAD00090891 /* PBXTargetDependency */ = {
			isa = PBXTargetDependency;
			target = C2CC523627427AAB00090891 /* Mappin */;
			targetProxy = C2CC525827427AAD00090891 /* PBXContainerItemProxy */;
		};
/* End PBXTargetDependency section */

/* Begin PBXVariantGroup section */
		C26A23EA27462169005F42E2 /* Localizable.strings */ = {
			isa = PBXVariantGroup;
			children = (
				C26A23E927462169005F42E2 /* en */,
				C26A23ED27462187005F42E2 /* ko */,
			);
			name = Localizable.strings;
			sourceTree = "<group>";
		};
		C2A2C6C627562832003E8DC2 /* InfoPlist.strings */ = {
			isa = PBXVariantGroup;
			children = (
				C2A2C6C527562832003E8DC2 /* en */,
				C2A2C6C727562834003E8DC2 /* ko */,
			);
			name = InfoPlist.strings;
			sourceTree = "<group>";
		};
		C2CC524027427AAB00090891 /* Main.storyboard */ = {
			isa = PBXVariantGroup;
			children = (
				C2CC524127427AAB00090891 /* Base */,
				C26A23EB27462187005F42E2 /* ko */,
			);
			name = Main.storyboard;
			sourceTree = "<group>";
		};
		C2CC524527427AAD00090891 /* LaunchScreen.storyboard */ = {
			isa = PBXVariantGroup;
			children = (
				C2CC524627427AAD00090891 /* Base */,
				C26A23EC27462187005F42E2 /* ko */,
			);
			name = LaunchScreen.storyboard;
			sourceTree = "<group>";
		};
/* End PBXVariantGroup section */

/* Begin XCBuildConfiguration section */
		C2CC525F27427AAD00090891 /* Debug */ = {
			isa = XCBuildConfiguration;
			buildSettings = {
				ALWAYS_SEARCH_USER_PATHS = NO;
				CLANG_ANALYZER_LOCALIZABILITY_NONLOCALIZED = YES;
				CLANG_ANALYZER_NONNULL = YES;
				CLANG_ANALYZER_NUMBER_OBJECT_CONVERSION = YES_AGGRESSIVE;
				CLANG_CXX_LANGUAGE_STANDARD = "gnu++17";
				CLANG_CXX_LIBRARY = "libc++";
				CLANG_ENABLE_MODULES = YES;
				CLANG_ENABLE_OBJC_ARC = YES;
				CLANG_ENABLE_OBJC_WEAK = YES;
				CLANG_WARN_BLOCK_CAPTURE_AUTORELEASING = YES;
				CLANG_WARN_BOOL_CONVERSION = YES;
				CLANG_WARN_COMMA = YES;
				CLANG_WARN_CONSTANT_CONVERSION = YES;
				CLANG_WARN_DEPRECATED_OBJC_IMPLEMENTATIONS = YES;
				CLANG_WARN_DIRECT_OBJC_ISA_USAGE = YES_ERROR;
				CLANG_WARN_DOCUMENTATION_COMMENTS = YES;
				CLANG_WARN_EMPTY_BODY = YES;
				CLANG_WARN_ENUM_CONVERSION = YES;
				CLANG_WARN_INFINITE_RECURSION = YES;
				CLANG_WARN_INT_CONVERSION = YES;
				CLANG_WARN_NON_LITERAL_NULL_CONVERSION = YES;
				CLANG_WARN_OBJC_IMPLICIT_RETAIN_SELF = YES;
				CLANG_WARN_OBJC_LITERAL_CONVERSION = YES;
				CLANG_WARN_OBJC_ROOT_CLASS = YES_ERROR;
				CLANG_WARN_QUOTED_INCLUDE_IN_FRAMEWORK_HEADER = YES;
				CLANG_WARN_RANGE_LOOP_ANALYSIS = YES;
				CLANG_WARN_STRICT_PROTOTYPES = YES;
				CLANG_WARN_SUSPICIOUS_MOVE = YES;
				CLANG_WARN_UNGUARDED_AVAILABILITY = YES_AGGRESSIVE;
				CLANG_WARN_UNREACHABLE_CODE = YES;
				CLANG_WARN__DUPLICATE_METHOD_MATCH = YES;
				COPY_PHASE_STRIP = NO;
				DEBUG_INFORMATION_FORMAT = dwarf;
				ENABLE_STRICT_OBJC_MSGSEND = YES;
				ENABLE_TESTABILITY = YES;
				"EXCLUDED_ARCHS[sdk=iphonesimulator*]" = arm64;
				GCC_C_LANGUAGE_STANDARD = gnu11;
				GCC_DYNAMIC_NO_PIC = NO;
				GCC_NO_COMMON_BLOCKS = YES;
				GCC_OPTIMIZATION_LEVEL = 0;
				GCC_PREPROCESSOR_DEFINITIONS = (
					"DEBUG=1",
					"$(inherited)",
				);
				GCC_WARN_64_TO_32_BIT_CONVERSION = YES;
				GCC_WARN_ABOUT_RETURN_TYPE = YES_ERROR;
				GCC_WARN_UNDECLARED_SELECTOR = YES;
				GCC_WARN_UNINITIALIZED_AUTOS = YES_AGGRESSIVE;
				GCC_WARN_UNUSED_FUNCTION = YES;
				GCC_WARN_UNUSED_VARIABLE = YES;
				IPHONEOS_DEPLOYMENT_TARGET = 13.0;
				MTL_ENABLE_DEBUG_INFO = INCLUDE_SOURCE;
				MTL_FAST_MATH = YES;
				ONLY_ACTIVE_ARCH = YES;
				SDKROOT = iphoneos;
				SWIFT_ACTIVE_COMPILATION_CONDITIONS = DEBUG;
				SWIFT_OPTIMIZATION_LEVEL = "-Onone";
			};
			name = Debug;
		};
		C2CC526027427AAD00090891 /* Release */ = {
			isa = XCBuildConfiguration;
			buildSettings = {
				ALWAYS_SEARCH_USER_PATHS = NO;
				CLANG_ANALYZER_LOCALIZABILITY_NONLOCALIZED = YES;
				CLANG_ANALYZER_NONNULL = YES;
				CLANG_ANALYZER_NUMBER_OBJECT_CONVERSION = YES_AGGRESSIVE;
				CLANG_CXX_LANGUAGE_STANDARD = "gnu++17";
				CLANG_CXX_LIBRARY = "libc++";
				CLANG_ENABLE_MODULES = YES;
				CLANG_ENABLE_OBJC_ARC = YES;
				CLANG_ENABLE_OBJC_WEAK = YES;
				CLANG_WARN_BLOCK_CAPTURE_AUTORELEASING = YES;
				CLANG_WARN_BOOL_CONVERSION = YES;
				CLANG_WARN_COMMA = YES;
				CLANG_WARN_CONSTANT_CONVERSION = YES;
				CLANG_WARN_DEPRECATED_OBJC_IMPLEMENTATIONS = YES;
				CLANG_WARN_DIRECT_OBJC_ISA_USAGE = YES_ERROR;
				CLANG_WARN_DOCUMENTATION_COMMENTS = YES;
				CLANG_WARN_EMPTY_BODY = YES;
				CLANG_WARN_ENUM_CONVERSION = YES;
				CLANG_WARN_INFINITE_RECURSION = YES;
				CLANG_WARN_INT_CONVERSION = YES;
				CLANG_WARN_NON_LITERAL_NULL_CONVERSION = YES;
				CLANG_WARN_OBJC_IMPLICIT_RETAIN_SELF = YES;
				CLANG_WARN_OBJC_LITERAL_CONVERSION = YES;
				CLANG_WARN_OBJC_ROOT_CLASS = YES_ERROR;
				CLANG_WARN_QUOTED_INCLUDE_IN_FRAMEWORK_HEADER = YES;
				CLANG_WARN_RANGE_LOOP_ANALYSIS = YES;
				CLANG_WARN_STRICT_PROTOTYPES = YES;
				CLANG_WARN_SUSPICIOUS_MOVE = YES;
				CLANG_WARN_UNGUARDED_AVAILABILITY = YES_AGGRESSIVE;
				CLANG_WARN_UNREACHABLE_CODE = YES;
				CLANG_WARN__DUPLICATE_METHOD_MATCH = YES;
				COPY_PHASE_STRIP = NO;
				DEBUG_INFORMATION_FORMAT = "dwarf-with-dsym";
				ENABLE_NS_ASSERTIONS = NO;
				ENABLE_STRICT_OBJC_MSGSEND = YES;
				"EXCLUDED_ARCHS[sdk=iphonesimulator*]" = arm64;
				GCC_C_LANGUAGE_STANDARD = gnu11;
				GCC_NO_COMMON_BLOCKS = YES;
				GCC_WARN_64_TO_32_BIT_CONVERSION = YES;
				GCC_WARN_ABOUT_RETURN_TYPE = YES_ERROR;
				GCC_WARN_UNDECLARED_SELECTOR = YES;
				GCC_WARN_UNINITIALIZED_AUTOS = YES_AGGRESSIVE;
				GCC_WARN_UNUSED_FUNCTION = YES;
				GCC_WARN_UNUSED_VARIABLE = YES;
				IPHONEOS_DEPLOYMENT_TARGET = 13.0;
				MTL_ENABLE_DEBUG_INFO = NO;
				MTL_FAST_MATH = YES;
				SDKROOT = iphoneos;
				SWIFT_COMPILATION_MODE = wholemodule;
				SWIFT_OPTIMIZATION_LEVEL = "-O";
				VALIDATE_PRODUCT = YES;
			};
			name = Release;
		};
		C2CC526227427AAD00090891 /* Debug */ = {
			isa = XCBuildConfiguration;
			baseConfigurationReference = 95B82A3A54DF9CD55A1D4029 /* Pods-Mappin.debug.xcconfig */;
			buildSettings = {
				ASSETCATALOG_COMPILER_APPICON_NAME = AppIcon;
				ASSETCATALOG_COMPILER_GLOBAL_ACCENT_COLOR_NAME = AccentColor;
				CODE_SIGN_STYLE = Automatic;
				CURRENT_PROJECT_VERSION = 7;
				DEBUG_INFORMATION_FORMAT = "dwarf-with-dsym";
				DEVELOPMENT_TEAM = H3V637RY5A;
				GENERATE_INFOPLIST_FILE = YES;
				INFOPLIST_FILE = Mappin/Info.plist;
				INFOPLIST_KEY_NSCameraUsageDescription = "앱을 이용하려면 사용자의 카메라 접근 권한이 필요합니다.";
				INFOPLIST_KEY_NSLocationWhenInUseUsageDescription = "앱을 이용하려면 사용자의 위치 정보 권한이 필요합니다.";
				INFOPLIST_KEY_NSPhotoLibraryUsageDescription = "앱을 이용하려면 사용자의 사진 접근 권한이 필요합니다.";
				INFOPLIST_KEY_UIApplicationSupportsIndirectInputEvents = YES;
				INFOPLIST_KEY_UILaunchStoryboardName = LaunchScreen;
				INFOPLIST_KEY_UIMainStoryboardFile = Main;
				INFOPLIST_KEY_UISupportedInterfaceOrientations_iPad = "UIInterfaceOrientationPortrait UIInterfaceOrientationPortraitUpsideDown UIInterfaceOrientationLandscapeLeft UIInterfaceOrientationLandscapeRight";
				INFOPLIST_KEY_UISupportedInterfaceOrientations_iPhone = "UIInterfaceOrientationPortrait UIInterfaceOrientationLandscapeLeft UIInterfaceOrientationLandscapeRight";
				IPHONEOS_DEPLOYMENT_TARGET = 13.0;
				LD_RUNPATH_SEARCH_PATHS = (
					"$(inherited)",
					"@executable_path/Frameworks",
				);
				MARKETING_VERSION = 1.0.0;
				PRODUCT_BUNDLE_IDENTIFIER = kr.yeonpark.Mappin;
				PRODUCT_NAME = "$(TARGET_NAME)";
				SWIFT_EMIT_LOC_STRINGS = YES;
				SWIFT_VERSION = 5.0;
				TARGETED_DEVICE_FAMILY = 1;
			};
			name = Debug;
		};
		C2CC526327427AAD00090891 /* Release */ = {
			isa = XCBuildConfiguration;
			baseConfigurationReference = C4D1BC0A448601382C82D245 /* Pods-Mappin.release.xcconfig */;
			buildSettings = {
				ASSETCATALOG_COMPILER_APPICON_NAME = AppIcon;
				ASSETCATALOG_COMPILER_GLOBAL_ACCENT_COLOR_NAME = AccentColor;
				CODE_SIGN_STYLE = Automatic;
				CURRENT_PROJECT_VERSION = 7;
				DEVELOPMENT_TEAM = H3V637RY5A;
				GENERATE_INFOPLIST_FILE = YES;
				INFOPLIST_FILE = Mappin/Info.plist;
				INFOPLIST_KEY_NSCameraUsageDescription = "앱을 이용하려면 사용자의 카메라 접근 권한이 필요합니다.";
				INFOPLIST_KEY_NSLocationWhenInUseUsageDescription = "앱을 이용하려면 사용자의 위치 정보 권한이 필요합니다.";
				INFOPLIST_KEY_NSPhotoLibraryUsageDescription = "앱을 이용하려면 사용자의 사진 접근 권한이 필요합니다.";
				INFOPLIST_KEY_UIApplicationSupportsIndirectInputEvents = YES;
				INFOPLIST_KEY_UILaunchStoryboardName = LaunchScreen;
				INFOPLIST_KEY_UIMainStoryboardFile = Main;
				INFOPLIST_KEY_UISupportedInterfaceOrientations_iPad = "UIInterfaceOrientationPortrait UIInterfaceOrientationPortraitUpsideDown UIInterfaceOrientationLandscapeLeft UIInterfaceOrientationLandscapeRight";
				INFOPLIST_KEY_UISupportedInterfaceOrientations_iPhone = "UIInterfaceOrientationPortrait UIInterfaceOrientationLandscapeLeft UIInterfaceOrientationLandscapeRight";
				IPHONEOS_DEPLOYMENT_TARGET = 13.0;
				LD_RUNPATH_SEARCH_PATHS = (
					"$(inherited)",
					"@executable_path/Frameworks",
				);
				MARKETING_VERSION = 1.0.0;
				PRODUCT_BUNDLE_IDENTIFIER = kr.yeonpark.Mappin;
				PRODUCT_NAME = "$(TARGET_NAME)";
				SWIFT_EMIT_LOC_STRINGS = YES;
				SWIFT_VERSION = 5.0;
				TARGETED_DEVICE_FAMILY = 1;
			};
			name = Release;
		};
		C2CC526527427AAD00090891 /* Debug */ = {
			isa = XCBuildConfiguration;
			baseConfigurationReference = 0A782E1D1F22B870BE38A6F4 /* Pods-MappinTests.debug.xcconfig */;
			buildSettings = {
				ALWAYS_EMBED_SWIFT_STANDARD_LIBRARIES = YES;
				BUNDLE_LOADER = "$(TEST_HOST)";
				CODE_SIGN_STYLE = Automatic;
				CURRENT_PROJECT_VERSION = 1;
				GENERATE_INFOPLIST_FILE = YES;
				IPHONEOS_DEPLOYMENT_TARGET = 15.0;
				LD_RUNPATH_SEARCH_PATHS = (
					"$(inherited)",
					"@executable_path/Frameworks",
					"@loader_path/Frameworks",
				);
				MARKETING_VERSION = 1.0;
				PRODUCT_BUNDLE_IDENTIFIER = kr.yeonpark.MappinTests;
				PRODUCT_NAME = "$(TARGET_NAME)";
				SWIFT_EMIT_LOC_STRINGS = NO;
				SWIFT_VERSION = 5.0;
				TARGETED_DEVICE_FAMILY = "1,2";
				TEST_HOST = "$(BUILT_PRODUCTS_DIR)/Mappin.app/Mappin";
			};
			name = Debug;
		};
		C2CC526627427AAD00090891 /* Release */ = {
			isa = XCBuildConfiguration;
			baseConfigurationReference = 6BDA8EBD40BB89F97753D75A /* Pods-MappinTests.release.xcconfig */;
			buildSettings = {
				ALWAYS_EMBED_SWIFT_STANDARD_LIBRARIES = YES;
				BUNDLE_LOADER = "$(TEST_HOST)";
				CODE_SIGN_STYLE = Automatic;
				CURRENT_PROJECT_VERSION = 1;
				GENERATE_INFOPLIST_FILE = YES;
				IPHONEOS_DEPLOYMENT_TARGET = 15.0;
				LD_RUNPATH_SEARCH_PATHS = (
					"$(inherited)",
					"@executable_path/Frameworks",
					"@loader_path/Frameworks",
				);
				MARKETING_VERSION = 1.0;
				PRODUCT_BUNDLE_IDENTIFIER = kr.yeonpark.MappinTests;
				PRODUCT_NAME = "$(TARGET_NAME)";
				SWIFT_EMIT_LOC_STRINGS = NO;
				SWIFT_VERSION = 5.0;
				TARGETED_DEVICE_FAMILY = "1,2";
				TEST_HOST = "$(BUILT_PRODUCTS_DIR)/Mappin.app/Mappin";
			};
			name = Release;
		};
		C2CC526827427AAD00090891 /* Debug */ = {
			isa = XCBuildConfiguration;
			baseConfigurationReference = FD3F8F00F486BB485FB069C0 /* Pods-Mappin-MappinUITests.debug.xcconfig */;
			buildSettings = {
				ALWAYS_EMBED_SWIFT_STANDARD_LIBRARIES = YES;
				CODE_SIGN_STYLE = Automatic;
				CURRENT_PROJECT_VERSION = 1;
				GENERATE_INFOPLIST_FILE = YES;
				LD_RUNPATH_SEARCH_PATHS = (
					"$(inherited)",
					"@executable_path/Frameworks",
					"@loader_path/Frameworks",
				);
				MARKETING_VERSION = 1.0;
				PRODUCT_BUNDLE_IDENTIFIER = kr.yeonpark.MappinUITests;
				PRODUCT_NAME = "$(TARGET_NAME)";
				SWIFT_EMIT_LOC_STRINGS = NO;
				SWIFT_VERSION = 5.0;
				TARGETED_DEVICE_FAMILY = "1,2";
				TEST_TARGET_NAME = Mappin;
			};
			name = Debug;
		};
		C2CC526927427AAD00090891 /* Release */ = {
			isa = XCBuildConfiguration;
			baseConfigurationReference = 4CE5E5DE6139844554A8C831 /* Pods-Mappin-MappinUITests.release.xcconfig */;
			buildSettings = {
				ALWAYS_EMBED_SWIFT_STANDARD_LIBRARIES = YES;
				CODE_SIGN_STYLE = Automatic;
				CURRENT_PROJECT_VERSION = 1;
				GENERATE_INFOPLIST_FILE = YES;
				LD_RUNPATH_SEARCH_PATHS = (
					"$(inherited)",
					"@executable_path/Frameworks",
					"@loader_path/Frameworks",
				);
				MARKETING_VERSION = 1.0;
				PRODUCT_BUNDLE_IDENTIFIER = kr.yeonpark.MappinUITests;
				PRODUCT_NAME = "$(TARGET_NAME)";
				SWIFT_EMIT_LOC_STRINGS = NO;
				SWIFT_VERSION = 5.0;
				TARGETED_DEVICE_FAMILY = "1,2";
				TEST_TARGET_NAME = Mappin;
			};
			name = Release;
		};
/* End XCBuildConfiguration section */

/* Begin XCConfigurationList section */
		C2CC523227427AAB00090891 /* Build configuration list for PBXProject "Mappin" */ = {
			isa = XCConfigurationList;
			buildConfigurations = (
				C2CC525F27427AAD00090891 /* Debug */,
				C2CC526027427AAD00090891 /* Release */,
			);
			defaultConfigurationIsVisible = 0;
			defaultConfigurationName = Release;
		};
		C2CC526127427AAD00090891 /* Build configuration list for PBXNativeTarget "Mappin" */ = {
			isa = XCConfigurationList;
			buildConfigurations = (
				C2CC526227427AAD00090891 /* Debug */,
				C2CC526327427AAD00090891 /* Release */,
			);
			defaultConfigurationIsVisible = 0;
			defaultConfigurationName = Release;
		};
		C2CC526427427AAD00090891 /* Build configuration list for PBXNativeTarget "MappinTests" */ = {
			isa = XCConfigurationList;
			buildConfigurations = (
				C2CC526527427AAD00090891 /* Debug */,
				C2CC526627427AAD00090891 /* Release */,
			);
			defaultConfigurationIsVisible = 0;
			defaultConfigurationName = Release;
		};
		C2CC526727427AAD00090891 /* Build configuration list for PBXNativeTarget "MappinUITests" */ = {
			isa = XCConfigurationList;
			buildConfigurations = (
				C2CC526827427AAD00090891 /* Debug */,
				C2CC526927427AAD00090891 /* Release */,
			);
			defaultConfigurationIsVisible = 0;
			defaultConfigurationName = Release;
		};
/* End XCConfigurationList section */
	};
	rootObject = C2CC522F27427AAB00090891 /* Project object */;
}
